
Microsoft Visual Studio Solution File, Format Version 12.00
# Visual Studio Version 17
VisualStudioVersion = 17.5.33414.496
MinimumVisualStudioVersion = 10.0.40219.1
Project("{FAE04EC0-301F-11D3-BF4B-00C04F79EFBC}") = "NZWalks", "NZWalks.csproj", "{A621C75C-2B1B-4AAE-BDA6-BF177826C759}"
EndProject
Global
	GlobalSection(SolutionConfigurationPlatforms) = preSolution
		Debug|Any CPU = Debug|Any CPU
		Release|Any CPU = Release|Any CPU
	EndGlobalSection
	GlobalSection(ProjectConfigurationPlatforms) = postSolution
		{A621C75C-2B1B-4AAE-BDA6-BF177826C759}.Debug|Any CPU.ActiveCfg = Debug|Any CPU
		{A621C75C-2B1B-4AAE-BDA6-BF177826C759}.Debug|Any CPU.Build.0 = Debug|Any CPU
		{A621C75C-2B1B-4AAE-BDA6-BF177826C759}.Release|Any CPU.ActiveCfg = Release|Any CPU
		{A621C75C-2B1B-4AAE-BDA6-BF177826C759}.Release|Any CPU.Build.0 = Release|Any CPU
	EndGlobalSection
	GlobalSection(SolutionProperties) = preSolution
		HideSolutionNode = FALSE
	EndGlobalSection
	GlobalSection(ExtensibilityGlobals) = postSolution
		SolutionGuid = {A5DB2AD1-839F-4960-8B4F-436D48272722}
	EndGlobalSection
EndGlobal
